
Microsoft Visual Studio Solution File, Format Version 12.00
# Visual Studio Version 17
VisualStudioVersion = 17.1.32127.271
MinimumVisualStudioVersion = 10.0.40219.1
Project("{9A19103F-16F7-4668-BE54-9A1E7A4F7556}") = "DotCDS", "DotCDS\DotCDS.csproj", "{3E4F6D5B-627A-438C-82DF-D51E55AFB82C}"
EndProject
Project("{9A19103F-16F7-4668-BE54-9A1E7A4F7556}") = "DotCDS.Console", "DotCDS.Console\DotCDS.Console.csproj", "{21395031-05C8-400B-9BDC-7851A18CFD73}"
EndProject
Project("{2150E333-8FDC-42A3-9474-1A3956D46DE8}") = "src", "src", "{78481813-313A-4BC4-9894-9A98C23A46DC}"
EndProject
Project("{2150E333-8FDC-42A3-9474-1A3956D46DE8}") = "tests", "tests", "{42A22158-AFD5-45D7-BC4F-5F1F83E6CAFF}"
EndProject
Project("{9A19103F-16F7-4668-BE54-9A1E7A4F7556}") = "DotCDS.Tests", "..\..\tests\DotCDS.Tests\DotCDS.Tests.csproj", "{FF5462A4-E38F-4028-BCED-32AAE97AFCE2}"
EndProject
Project("{9A19103F-16F7-4668-BE54-9A1E7A4F7556}") = "DotCDS.Common", "DotCDS.Common\DotCDS.Common.csproj", "{000BBE91-60B0-4DC1-AC3B-3294FC9C5ABC}"
EndProject
Project("{9A19103F-16F7-4668-BE54-9A1E7A4F7556}") = "DotCDS.Client", "DotCDS.Client\DotCDS.Client.csproj", "{9A955B88-0BD8-48E4-BE2E-03E69EA88623}"
EndProject
Project("{9A19103F-16F7-4668-BE54-9A1E7A4F7556}") = "DotCDS.Client.Tests", "..\..\tests\DotCDS.Client.Tests\DotCDS.Client.Tests.csproj", "{4F9CCD83-A46D-48CD-8F65-2837EF96D110}"
EndProject
Project("{9A19103F-16F7-4668-BE54-9A1E7A4F7556}") = "DotCDS.TestHelpers", "..\..\tests\DotCDS.TestHelpers\DotCDS.TestHelpers.csproj", "{9B3D7FD0-E9E7-4A68-B6F9-8461B61E38AF}"
EndProject
Global
	GlobalSection(SolutionConfigurationPlatforms) = preSolution
		Debug|Any CPU = Debug|Any CPU
		Release|Any CPU = Release|Any CPU
	EndGlobalSection
	GlobalSection(ProjectConfigurationPlatforms) = postSolution
		{3E4F6D5B-627A-438C-82DF-D51E55AFB82C}.Debug|Any CPU.ActiveCfg = Debug|Any CPU
		{3E4F6D5B-627A-438C-82DF-D51E55AFB82C}.Debug|Any CPU.Build.0 = Debug|Any CPU
		{3E4F6D5B-627A-438C-82DF-D51E55AFB82C}.Release|Any CPU.ActiveCfg = Release|Any CPU
		{3E4F6D5B-627A-438C-82DF-D51E55AFB82C}.Release|Any CPU.Build.0 = Release|Any CPU
		{21395031-05C8-400B-9BDC-7851A18CFD73}.Debug|Any CPU.ActiveCfg = Debug|Any CPU
		{21395031-05C8-400B-9BDC-7851A18CFD73}.Debug|Any CPU.Build.0 = Debug|Any CPU
		{21395031-05C8-400B-9BDC-7851A18CFD73}.Release|Any CPU.ActiveCfg = Release|Any CPU
		{21395031-05C8-400B-9BDC-7851A18CFD73}.Release|Any CPU.Build.0 = Release|Any CPU
		{FF5462A4-E38F-4028-BCED-32AAE97AFCE2}.Debug|Any CPU.ActiveCfg = Debug|Any CPU
		{FF5462A4-E38F-4028-BCED-32AAE97AFCE2}.Debug|Any CPU.Build.0 = Debug|Any CPU
		{FF5462A4-E38F-4028-BCED-32AAE97AFCE2}.Release|Any CPU.ActiveCfg = Release|Any CPU
		{FF5462A4-E38F-4028-BCED-32AAE97AFCE2}.Release|Any CPU.Build.0 = Release|Any CPU
		{000BBE91-60B0-4DC1-AC3B-3294FC9C5ABC}.Debug|Any CPU.ActiveCfg = Debug|Any CPU
		{000BBE91-60B0-4DC1-AC3B-3294FC9C5ABC}.Debug|Any CPU.Build.0 = Debug|Any CPU
		{000BBE91-60B0-4DC1-AC3B-3294FC9C5ABC}.Release|Any CPU.ActiveCfg = Release|Any CPU
		{000BBE91-60B0-4DC1-AC3B-3294FC9C5ABC}.Release|Any CPU.Build.0 = Release|Any CPU
		{9A955B88-0BD8-48E4-BE2E-03E69EA88623}.Debug|Any CPU.ActiveCfg = Debug|Any CPU
		{9A955B88-0BD8-48E4-BE2E-03E69EA88623}.Debug|Any CPU.Build.0 = Debug|Any CPU
		{9A955B88-0BD8-48E4-BE2E-03E69EA88623}.Release|Any CPU.ActiveCfg = Release|Any CPU
		{9A955B88-0BD8-48E4-BE2E-03E69EA88623}.Release|Any CPU.Build.0 = Release|Any CPU
		{4F9CCD83-A46D-48CD-8F65-2837EF96D110}.Debug|Any CPU.ActiveCfg = Debug|Any CPU
		{4F9CCD83-A46D-48CD-8F65-2837EF96D110}.Debug|Any CPU.Build.0 = Debug|Any CPU
		{4F9CCD83-A46D-48CD-8F65-2837EF96D110}.Release|Any CPU.ActiveCfg = Release|Any CPU
		{4F9CCD83-A46D-48CD-8F65-2837EF96D110}.Release|Any CPU.Build.0 = Release|Any CPU
		{9B3D7FD0-E9E7-4A68-B6F9-8461B61E38AF}.Debug|Any CPU.ActiveCfg = Debug|Any CPU
		{9B3D7FD0-E9E7-4A68-B6F9-8461B61E38AF}.Debug|Any CPU.Build.0 = Debug|Any CPU
		{9B3D7FD0-E9E7-4A68-B6F9-8461B61E38AF}.Release|Any CPU.ActiveCfg = Release|Any CPU
		{9B3D7FD0-E9E7-4A68-B6F9-8461B61E38AF}.Release|Any CPU.Build.0 = Release|Any CPU
	EndGlobalSection
	GlobalSection(SolutionProperties) = preSolution
		HideSolutionNode = FALSE
	EndGlobalSection
	GlobalSection(NestedProjects) = preSolution
		{3E4F6D5B-627A-438C-82DF-D51E55AFB82C} = {78481813-313A-4BC4-9894-9A98C23A46DC}
		{21395031-05C8-400B-9BDC-7851A18CFD73} = {78481813-313A-4BC4-9894-9A98C23A46DC}
		{FF5462A4-E38F-4028-BCED-32AAE97AFCE2} = {42A22158-AFD5-45D7-BC4F-5F1F83E6CAFF}
		{000BBE91-60B0-4DC1-AC3B-3294FC9C5ABC} = {78481813-313A-4BC4-9894-9A98C23A46DC}
		{9A955B88-0BD8-48E4-BE2E-03E69EA88623} = {78481813-313A-4BC4-9894-9A98C23A46DC}
		{4F9CCD83-A46D-48CD-8F65-2837EF96D110} = {42A22158-AFD5-45D7-BC4F-5F1F83E6CAFF}
		{9B3D7FD0-E9E7-4A68-B6F9-8461B61E38AF} = {42A22158-AFD5-45D7-BC4F-5F1F83E6CAFF}
	EndGlobalSection
	GlobalSection(ExtensibilityGlobals) = postSolution
		SolutionGuid = {584AB903-BB3D-4164-BBA0-E2A1B47FD204}
	EndGlobalSection
EndGlobal
